// !$*UTF8*$!
{
	archiveVersion = 1;
	classes = {
	};
	objectVersion = 46;
	objects = {

/* Begin PBXBuildFile section */
		B48D63202CA64EBB97946C85 /* libPods.a in Frameworks */ = {isa = PBXBuildFile; fileRef = CEE53622234D4870987E9992 /* libPods.a */; };
		CA0272581976DB9C00DB4787 /* RAC.swift in Sources */ = {isa = PBXBuildFile; fileRef = CA0272571976DB9C00DB4787 /* RAC.swift */; };
		CA02725B1976E87E00DB4787 /* UIColor+Ext.m in Sources */ = {isa = PBXBuildFile; fileRef = CA02725A1976E87E00DB4787 /* UIColor+Ext.m */; };
		CA02725D1977B5C400DB4787 /* BorderedButton.swift in Sources */ = {isa = PBXBuildFile; fileRef = CA02725C1977B5C400DB4787 /* BorderedButton.swift */; };
		CA02725F1977BA6700DB4787 /* UIViewExt.swift in Sources */ = {isa = PBXBuildFile; fileRef = CA02725E1977BA6700DB4787 /* UIViewExt.swift */; };
		CA0272611977DAF900DB4787 /* UsersService.swift in Sources */ = {isa = PBXBuildFile; fileRef = CA0272601977DAF900DB4787 /* UsersService.swift */; };
		CA8FC60C1976AE7700F2A150 /* Secret.swift in Sources */ = {isa = PBXBuildFile; fileRef = CA8FC60B1976AE7700F2A150 /* Secret.swift */; };
		CA8FC60E1976AF7700F2A150 /* SecretViewCell.swift in Sources */ = {isa = PBXBuildFile; fileRef = CA8FC60D1976AF7700F2A150 /* SecretViewCell.swift */; };
		CA92117919767E9E004D04CE /* AppDelegate.swift in Sources */ = {isa = PBXBuildFile; fileRef = CA92117819767E9E004D04CE /* AppDelegate.swift */; };
		CA92117B19767E9E004D04CE /* SecretsViewController.swift in Sources */ = {isa = PBXBuildFile; fileRef = CA92117A19767E9E004D04CE /* SecretsViewController.swift */; };
		CA92118019767E9E004D04CE /* Images.xcassets in Resources */ = {isa = PBXBuildFile; fileRef = CA92117F19767E9E004D04CE /* Images.xcassets */; };
		CA921196197688AE004D04CE /* User.swift in Sources */ = {isa = PBXBuildFile; fileRef = CA921195197688AE004D04CE /* User.swift */; };
		CA9211981976897C004D04CE /* SignInViewController.swift in Sources */ = {isa = PBXBuildFile; fileRef = CA9211971976897C004D04CE /* SignInViewController.swift */; };
/* End PBXBuildFile section */

/* Begin PBXContainerItemProxy section */
		CA92118619767E9E004D04CE /* PBXContainerItemProxy */ = {
			isa = PBXContainerItemProxy;
			containerPortal = CA92116B19767E9D004D04CE /* Project object */;
			proxyType = 1;
			remoteGlobalIDString = CA92117219767E9E004D04CE;
			remoteInfo = Illuminati;
		};
/* End PBXContainerItemProxy section */

/* Begin PBXFileReference section */
		9C759E1E07714C3DADD066E5 /* Pods.xcconfig */ = {isa = PBXFileReference; includeInIndex = 1; lastKnownFileType = text.xcconfig; name = Pods.xcconfig; path = Pods/Pods.xcconfig; sourceTree = "<group>"; };
		CA0272541976D56100DB4787 /* Illuminati-Bridging-Header.h */ = {isa = PBXFileReference; lastKnownFileType = sourcecode.c.h; path = "Illuminati-Bridging-Header.h"; sourceTree = "<group>"; };
		CA0272571976DB9C00DB4787 /* RAC.swift */ = {isa = PBXFileReference; fileEncoding = 4; lastKnownFileType = sourcecode.swift; path = RAC.swift; sourceTree = "<group>"; };
		CA0272591976E87600DB4787 /* UIColor+Ext.h */ = {isa = PBXFileReference; lastKnownFileType = sourcecode.c.h; path = "UIColor+Ext.h"; sourceTree = "<group>"; };
		CA02725A1976E87E00DB4787 /* UIColor+Ext.m */ = {isa = PBXFileReference; fileEncoding = 4; lastKnownFileType = sourcecode.c.objc; path = "UIColor+Ext.m"; sourceTree = "<group>"; };
		CA02725C1977B5C400DB4787 /* BorderedButton.swift */ = {isa = PBXFileReference; fileEncoding = 4; lastKnownFileType = sourcecode.swift; path = BorderedButton.swift; sourceTree = "<group>"; };
		CA02725E1977BA6700DB4787 /* UIViewExt.swift */ = {isa = PBXFileReference; fileEncoding = 4; lastKnownFileType = sourcecode.swift; path = UIViewExt.swift; sourceTree = "<group>"; };
		CA0272601977DAF900DB4787 /* UsersService.swift */ = {isa = PBXFileReference; fileEncoding = 4; lastKnownFileType = sourcecode.swift; path = UsersService.swift; sourceTree = "<group>"; };
		CA8FC60B1976AE7700F2A150 /* Secret.swift */ = {isa = PBXFileReference; fileEncoding = 4; lastKnownFileType = sourcecode.swift; path = Secret.swift; sourceTree = "<group>"; };
		CA8FC60D1976AF7700F2A150 /* SecretViewCell.swift */ = {isa = PBXFileReference; fileEncoding = 4; lastKnownFileType = sourcecode.swift; path = SecretViewCell.swift; sourceTree = "<group>"; };
		CA92117319767E9E004D04CE /* Illuminati.app */ = {isa = PBXFileReference; explicitFileType = wrapper.application; includeInIndex = 0; path = Illuminati.app; sourceTree = BUILT_PRODUCTS_DIR; };
		CA92117719767E9E004D04CE /* Info.plist */ = {isa = PBXFileReference; lastKnownFileType = text.plist.xml; path = Info.plist; sourceTree = "<group>"; };
		CA92117819767E9E004D04CE /* AppDelegate.swift */ = {isa = PBXFileReference; lastKnownFileType = sourcecode.swift; path = AppDelegate.swift; sourceTree = "<group>"; };
		CA92117A19767E9E004D04CE /* SecretsViewController.swift */ = {isa = PBXFileReference; lastKnownFileType = sourcecode.swift; path = SecretsViewController.swift; sourceTree = "<group>"; };
		CA92117F19767E9E004D04CE /* Images.xcassets */ = {isa = PBXFileReference; lastKnownFileType = folder.assetcatalog; path = Images.xcassets; sourceTree = "<group>"; };
		CA92118519767E9E004D04CE /* IlluminatiTests.xctest */ = {isa = PBXFileReference; explicitFileType = wrapper.cfbundle; includeInIndex = 0; path = IlluminatiTests.xctest; sourceTree = BUILT_PRODUCTS_DIR; };
		CA921195197688AE004D04CE /* User.swift */ = {isa = PBXFileReference; fileEncoding = 4; lastKnownFileType = sourcecode.swift; path = User.swift; sourceTree = "<group>"; };
		CA9211971976897C004D04CE /* SignInViewController.swift */ = {isa = PBXFileReference; fileEncoding = 4; lastKnownFileType = sourcecode.swift; path = SignInViewController.swift; sourceTree = "<group>"; };
		CEE53622234D4870987E9992 /* libPods.a */ = {isa = PBXFileReference; explicitFileType = archive.ar; includeInIndex = 0; path = libPods.a; sourceTree = BUILT_PRODUCTS_DIR; };
/* End PBXFileReference section */

/* Begin PBXFrameworksBuildPhase section */
		CA92117019767E9E004D04CE /* Frameworks */ = {
			isa = PBXFrameworksBuildPhase;
			buildActionMask = 2147483647;
			files = (
				B48D63202CA64EBB97946C85 /* libPods.a in Frameworks */,
			);
			runOnlyForDeploymentPostprocessing = 0;
		};
		CA92118219767E9E004D04CE /* Frameworks */ = {
			isa = PBXFrameworksBuildPhase;
			buildActionMask = 2147483647;
			files = (
			);
			runOnlyForDeploymentPostprocessing = 0;
		};
/* End PBXFrameworksBuildPhase section */

/* Begin PBXGroup section */
		C652109313294A63973C9D77 /* Frameworks */ = {
			isa = PBXGroup;
			children = (
				CEE53622234D4870987E9992 /* libPods.a */,
			);
			name = Frameworks;
			sourceTree = "<group>";
		};
		CA0272621977DDC600DB4787 /* Extensions */ = {
			isa = PBXGroup;
			children = (
				CA02725C1977B5C400DB4787 /* BorderedButton.swift */,
				CA02725E1977BA6700DB4787 /* UIViewExt.swift */,
				CA0272591976E87600DB4787 /* UIColor+Ext.h */,
				CA02725A1976E87E00DB4787 /* UIColor+Ext.m */,
			);
			name = Extensions;
			sourceTree = "<group>";
		};
		CA0272631977DDDF00DB4787 /* VCs */ = {
			isa = PBXGroup;
			children = (
				CA92117A19767E9E004D04CE /* SecretsViewController.swift */,
				CA9211971976897C004D04CE /* SignInViewController.swift */,
			);
			name = VCs;
			sourceTree = "<group>";
		};
		CA0272641977DDE800DB4787 /* Models */ = {
			isa = PBXGroup;
			children = (
				CA921195197688AE004D04CE /* User.swift */,
				CA8FC60B1976AE7700F2A150 /* Secret.swift */,
			);
			name = Models;
			sourceTree = "<group>";
		};
		CA0272651977DDEE00DB4787 /* Services */ = {
			isa = PBXGroup;
			children = (
				CA0272601977DAF900DB4787 /* UsersService.swift */,
			);
			name = Services;
			sourceTree = "<group>";
		};
		CA0272661977DDF600DB4787 /* Views */ = {
			isa = PBXGroup;
			children = (
				CA8FC60D1976AF7700F2A150 /* SecretViewCell.swift */,
			);
			name = Views;
			sourceTree = "<group>";
		};
		CA92116A19767E9D004D04CE = {
			isa = PBXGroup;
			children = (
				CA92117519767E9E004D04CE /* Illuminati */,
				CA92117419767E9E004D04CE /* Products */,
				9C759E1E07714C3DADD066E5 /* Pods.xcconfig */,
				C652109313294A63973C9D77 /* Frameworks */,
			);
			sourceTree = "<group>";
		};
		CA92117419767E9E004D04CE /* Products */ = {
			isa = PBXGroup;
			children = (
				CA92117319767E9E004D04CE /* Illuminati.app */,
				CA92118519767E9E004D04CE /* IlluminatiTests.xctest */,
			);
			name = Products;
			sourceTree = "<group>";
		};
		CA92117519767E9E004D04CE /* Illuminati */ = {
			isa = PBXGroup;
			children = (
				CA92117819767E9E004D04CE /* AppDelegate.swift */,
				CA0272641977DDE800DB4787 /* Models */,
				CA0272651977DDEE00DB4787 /* Services */,
				CA0272631977DDDF00DB4787 /* VCs */,
				CA0272661977DDF600DB4787 /* Views */,
				CA0272621977DDC600DB4787 /* Extensions */,
				CA0272571976DB9C00DB4787 /* RAC.swift */,
				CA92117F19767E9E004D04CE /* Images.xcassets */,
				CA92117619767E9E004D04CE /* Supporting Files */,
			);
			path = Illuminati;
			sourceTree = "<group>";
		};
		CA92117619767E9E004D04CE /* Supporting Files */ = {
			isa = PBXGroup;
			children = (
				CA0272541976D56100DB4787 /* Illuminati-Bridging-Header.h */,
				CA92117719767E9E004D04CE /* Info.plist */,
			);
			name = "Supporting Files";
			sourceTree = "<group>";
		};
/* End PBXGroup section */

/* Begin PBXNativeTarget section */
		CA92117219767E9E004D04CE /* Illuminati */ = {
			isa = PBXNativeTarget;
			buildConfigurationList = CA92118F19767E9E004D04CE /* Build configuration list for PBXNativeTarget "Illuminati" */;
			buildPhases = (
				465765554BAB483E92A52477 /* Check Pods Manifest.lock */,
				CA92116F19767E9E004D04CE /* Sources */,
				CA92117019767E9E004D04CE /* Frameworks */,
				CA92117119767E9E004D04CE /* Resources */,
				068F971BB5604EC3B38CC08B /* Copy Pods Resources */,
			);
			buildRules = (
			);
			dependencies = (
			);
			name = Illuminati;
			productName = Illuminati;
			productReference = CA92117319767E9E004D04CE /* Illuminati.app */;
			productType = "com.apple.product-type.application";
		};
		CA92118419767E9E004D04CE /* IlluminatiTests */ = {
			isa = PBXNativeTarget;
			buildConfigurationList = CA92119219767E9E004D04CE /* Build configuration list for PBXNativeTarget "IlluminatiTests" */;
			buildPhases = (
				CA92118119767E9E004D04CE /* Sources */,
				CA92118219767E9E004D04CE /* Frameworks */,
				CA92118319767E9E004D04CE /* Resources */,
			);
			buildRules = (
			);
			dependencies = (
				CA92118719767E9E004D04CE /* PBXTargetDependency */,
			);
			name = IlluminatiTests;
			productName = IlluminatiTests;
			productReference = CA92118519767E9E004D04CE /* IlluminatiTests.xctest */;
			productType = "com.apple.product-type.bundle.unit-test";
		};
/* End PBXNativeTarget section */

/* Begin PBXProject section */
		CA92116B19767E9D004D04CE /* Project object */ = {
			isa = PBXProject;
			attributes = {
				CLASSPREFIX = "";
				LastUpgradeCheck = 0600;
				ORGANIZATIONNAME = "Gosha Arinich";
				TargetAttributes = {
					CA92117219767E9E004D04CE = {
						CreatedOnToolsVersion = 6.0;
					};
					CA92118419767E9E004D04CE = {
						CreatedOnToolsVersion = 6.0;
						TestTargetID = CA92117219767E9E004D04CE;
					};
				};
			};
			buildConfigurationList = CA92116E19767E9D004D04CE /* Build configuration list for PBXProject "Illuminati" */;
			compatibilityVersion = "Xcode 3.2";
			developmentRegion = English;
			hasScannedForEncodings = 0;
			knownRegions = (
				en,
				Base,
			);
			mainGroup = CA92116A19767E9D004D04CE;
			productRefGroup = CA92117419767E9E004D04CE /* Products */;
			projectDirPath = "";
			projectRoot = "";
			targets = (
				CA92117219767E9E004D04CE /* Illuminati */,
				CA92118419767E9E004D04CE /* IlluminatiTests */,
			);
		};
/* End PBXProject section */

/* Begin PBXResourcesBuildPhase section */
		CA92117119767E9E004D04CE /* Resources */ = {
			isa = PBXResourcesBuildPhase;
			buildActionMask = 2147483647;
			files = (
				CA92118019767E9E004D04CE /* Images.xcassets in Resources */,
			);
			runOnlyForDeploymentPostprocessing = 0;
		};
		CA92118319767E9E004D04CE /* Resources */ = {
			isa = PBXResourcesBuildPhase;
			buildActionMask = 2147483647;
			files = (
			);
			runOnlyForDeploymentPostprocessing = 0;
		};
/* End PBXResourcesBuildPhase section */

/* Begin PBXShellScriptBuildPhase section */
		068F971BB5604EC3B38CC08B /* Copy Pods Resources */ = {
			isa = PBXShellScriptBuildPhase;
			buildActionMask = 2147483647;
			files = (
			);
			inputPaths = (
			);
			name = "Copy Pods Resources";
			outputPaths = (
			);
			runOnlyForDeploymentPostprocessing = 0;
			shellPath = /bin/sh;
			shellScript = "\"${SRCROOT}/Pods/Pods-resources.sh\"\n";
			showEnvVarsInLog = 0;
		};
		465765554BAB483E92A52477 /* Check Pods Manifest.lock */ = {
			isa = PBXShellScriptBuildPhase;
			buildActionMask = 2147483647;
			files = (
			);
			inputPaths = (
			);
			name = "Check Pods Manifest.lock";
			outputPaths = (
			);
			runOnlyForDeploymentPostprocessing = 0;
			shellPath = /bin/sh;
			shellScript = "diff \"${PODS_ROOT}/../Podfile.lock\" \"${PODS_ROOT}/Manifest.lock\" > /dev/null\nif [[ $? != 0 ]] ; then\n    cat << EOM\nerror: The sandbox is not in sync with the Podfile.lock. Run 'pod install' or update your CocoaPods installation.\nEOM\n    exit 1\nfi\n";
			showEnvVarsInLog = 0;
		};
/* End PBXShellScriptBuildPhase section */

/* Begin PBXSourcesBuildPhase section */
		CA92116F19767E9E004D04CE /* Sources */ = {
			isa = PBXSourcesBuildPhase;
			buildActionMask = 2147483647;
			files = (
				CA0272611977DAF900DB4787 /* UsersService.swift in Sources */,
				CA8FC60E1976AF7700F2A150 /* SecretViewCell.swift in Sources */,
				CA02725F1977BA6700DB4787 /* UIViewExt.swift in Sources */,
				CA02725B1976E87E00DB4787 /* UIColor+Ext.m in Sources */,
				CA02725D1977B5C400DB4787 /* BorderedButton.swift in Sources */,
				CA9211981976897C004D04CE /* SignInViewController.swift in Sources */,
				CA8FC60C1976AE7700F2A150 /* Secret.swift in Sources */,
				CA92117B19767E9E004D04CE /* SecretsViewController.swift in Sources */,
				CA92117919767E9E004D04CE /* AppDelegate.swift in Sources */,
				CA921196197688AE004D04CE /* User.swift in Sources */,
				CA0272581976DB9C00DB4787 /* RAC.swift in Sources */,
			);
			runOnlyForDeploymentPostprocessing = 0;
		};
		CA92118119767E9E004D04CE /* Sources */ = {
			isa = PBXSourcesBuildPhase;
			buildActionMask = 2147483647;
			files = (
			);
			runOnlyForDeploymentPostprocessing = 0;
		};
/* End PBXSourcesBuildPhase section */

/* Begin PBXTargetDependency section */
		CA92118719767E9E004D04CE /* PBXTargetDependency */ = {
			isa = PBXTargetDependency;
			target = CA92117219767E9E004D04CE /* Illuminati */;
			targetProxy = CA92118619767E9E004D04CE /* PBXContainerItemProxy */;
		};
/* End PBXTargetDependency section */

/* Begin XCBuildConfiguration section */
		CA92118D19767E9E004D04CE /* Debug */ = {
			isa = XCBuildConfiguration;
			buildSettings = {
				ALWAYS_SEARCH_USER_PATHS = NO;
				CLANG_CXX_LANGUAGE_STANDARD = "gnu++0x";
				CLANG_CXX_LIBRARY = "libc++";
				CLANG_ENABLE_MODULES = YES;
				CLANG_ENABLE_OBJC_ARC = YES;
				CLANG_WARN_BOOL_CONVERSION = YES;
				CLANG_WARN_CONSTANT_CONVERSION = YES;
				CLANG_WARN_DIRECT_OBJC_ISA_USAGE = YES_ERROR;
				CLANG_WARN_EMPTY_BODY = YES;
				CLANG_WARN_ENUM_CONVERSION = YES;
				CLANG_WARN_INT_CONVERSION = YES;
				CLANG_WARN_OBJC_ROOT_CLASS = YES_ERROR;
				CLANG_WARN_UNREACHABLE_CODE = YES;
				CLANG_WARN__DUPLICATE_METHOD_MATCH = YES;
				"CODE_SIGN_IDENTITY[sdk=iphoneos*]" = "iPhone Developer";
				COPY_PHASE_STRIP = NO;
				ENABLE_STRICT_OBJC_MSGSEND = YES;
				GCC_C_LANGUAGE_STANDARD = gnu99;
				GCC_DYNAMIC_NO_PIC = NO;
				GCC_OPTIMIZATION_LEVEL = 0;
				GCC_PREPROCESSOR_DEFINITIONS = (
					"DEBUG=1",
					"$(inherited)",
				);
				GCC_SYMBOLS_PRIVATE_EXTERN = NO;
				GCC_WARN_64_TO_32_BIT_CONVERSION = YES;
				GCC_WARN_ABOUT_RETURN_TYPE = YES_ERROR;
				GCC_WARN_UNDECLARED_SELECTOR = YES;
				GCC_WARN_UNINITIALIZED_AUTOS = YES_AGGRESSIVE;
				GCC_WARN_UNUSED_FUNCTION = YES;
				GCC_WARN_UNUSED_VARIABLE = YES;
				IPHONEOS_DEPLOYMENT_TARGET = 8.0;
				MTL_ENABLE_DEBUG_INFO = YES;
				ONLY_ACTIVE_ARCH = YES;
				SDKROOT = iphoneos;
				SWIFT_OPTIMIZATION_LEVEL = "-Onone";
			};
			name = Debug;
		};
		CA92118E19767E9E004D04CE /* Release */ = {
			isa = XCBuildConfiguration;
			buildSettings = {
				ALWAYS_SEARCH_USER_PATHS = NO;
				CLANG_CXX_LANGUAGE_STANDARD = "gnu++0x";
				CLANG_CXX_LIBRARY = "libc++";
				CLANG_ENABLE_MODULES = YES;
				CLANG_ENABLE_OBJC_ARC = YES;
				CLANG_WARN_BOOL_CONVERSION = YES;
				CLANG_WARN_CONSTANT_CONVERSION = YES;
				CLANG_WARN_DIRECT_OBJC_ISA_USAGE = YES_ERROR;
				CLANG_WARN_EMPTY_BODY = YES;
				CLANG_WARN_ENUM_CONVERSION = YES;
				CLANG_WARN_INT_CONVERSION = YES;
				CLANG_WARN_OBJC_ROOT_CLASS = YES_ERROR;
				CLANG_WARN_UNREACHABLE_CODE = YES;
				CLANG_WARN__DUPLICATE_METHOD_MATCH = YES;
				"CODE_SIGN_IDENTITY[sdk=iphoneos*]" = "iPhone Developer";
				COPY_PHASE_STRIP = YES;
				ENABLE_NS_ASSERTIONS = NO;
				ENABLE_STRICT_OBJC_MSGSEND = YES;
				GCC_C_LANGUAGE_STANDARD = gnu99;
				GCC_WARN_64_TO_32_BIT_CONVERSION = YES;
				GCC_WARN_ABOUT_RETURN_TYPE = YES_ERROR;
				GCC_WARN_UNDECLARED_SELECTOR = YES;
				GCC_WARN_UNINITIALIZED_AUTOS = YES_AGGRESSIVE;
				GCC_WARN_UNUSED_FUNCTION = YES;
				GCC_WARN_UNUSED_VARIABLE = YES;
				IPHONEOS_DEPLOYMENT_TARGET = 8.0;
				MTL_ENABLE_DEBUG_INFO = NO;
				SDKROOT = iphoneos;
				VALIDATE_PRODUCT = YES;
			};
			name = Release;
		};
		CA92119019767E9E004D04CE /* Debug */ = {
			isa = XCBuildConfiguration;
			baseConfigurationReference = 9C759E1E07714C3DADD066E5 /* Pods.xcconfig */;
			buildSettings = {
				ASSETCATALOG_COMPILER_APPICON_NAME = AppIcon;
				ASSETCATALOG_COMPILER_LAUNCHIMAGE_NAME = LaunchImage;
				CLANG_ENABLE_MODULES = YES;
				INFOPLIST_FILE = Illuminati/Info.plist;
				IPHONEOS_DEPLOYMENT_TARGET = 7.0;
				LD_RUNPATH_SEARCH_PATHS = "$(inherited) @executable_path/Frameworks";
				PRODUCT_NAME = "$(TARGET_NAME)";
				SWIFT_OBJC_BRIDGING_HEADER = "Illuminati/Illuminati-Bridging-Header.h";
				SWIFT_OPTIMIZATION_LEVEL = "-Onone";
			};
			name = Debug;
		};
		CA92119119767E9E004D04CE /* Release */ = {
			isa = XCBuildConfiguration;
			baseConfigurationReference = 9C759E1E07714C3DADD066E5 /* Pods.xcconfig */;
			buildSettings = {
				ASSETCATALOG_COMPILER_APPICON_NAME = AppIcon;
				ASSETCATALOG_COMPILER_LAUNCHIMAGE_NAME = LaunchImage;
				CLANG_ENABLE_MODULES = YES;
				INFOPLIST_FILE = Illuminati/Info.plist;
				IPHONEOS_DEPLOYMENT_TARGET = 7.0;
				LD_RUNPATH_SEARCH_PATHS = "$(inherited) @executable_path/Frameworks";
				PRODUCT_NAME = "$(TARGET_NAME)";
				SWIFT_OBJC_BRIDGING_HEADER = "Illuminati/Illuminati-Bridging-Header.h";
			};
			name = Release;
		};
		CA92119319767E9E004D04CE /* Debug */ = {
			isa = XCBuildConfiguration;
			buildSettings = {
				BUNDLE_LOADER = "$(BUILT_PRODUCTS_DIR)/Illuminati.app/Illuminati";
				FRAMEWORK_SEARCH_PATHS = (
					"$(SDKROOT)/Developer/Library/Frameworks",
					"$(inherited)",
				);
				GCC_PREPROCESSOR_DEFINITIONS = (
					"DEBUG=1",
					"$(inherited)",
				);
				INFOPLIST_FILE = IlluminatiTests/Info.plist;
				LD_RUNPATH_SEARCH_PATHS = "$(inherited) @executable_path/Frameworks @loader_path/Frameworks";
				PRODUCT_NAME = "$(TARGET_NAME)";
				TEST_HOST = "$(BUNDLE_LOADER)";
			};
			name = Debug;
		};
		CA92119419767E9E004D04CE /* Release */ = {
			isa = XCBuildConfiguration;
			buildSettings = {
				BUNDLE_LOADER = "$(BUILT_PRODUCTS_DIR)/Illuminati.app/Illuminati";
				FRAMEWORK_SEARCH_PATHS = (
					"$(SDKROOT)/Developer/Library/Frameworks",
					"$(inherited)",
				);
				INFOPLIST_FILE = IlluminatiTests/Info.plist;
				LD_RUNPATH_SEARCH_PATHS = "$(inherited) @executable_path/Frameworks @loader_path/Frameworks";
				PRODUCT_NAME = "$(TARGET_NAME)";
				TEST_HOST = "$(BUNDLE_LOADER)";
			};
			name = Release;
		};
/* End XCBuildConfiguration section */

/* Begin XCConfigurationList section */
		CA92116E19767E9D004D04CE /* Build configuration list for PBXProject "Illuminati" */ = {
			isa = XCConfigurationList;
			buildConfigurations = (
				CA92118D19767E9E004D04CE /* Debug */,
				CA92118E19767E9E004D04CE /* Release */,
			);
			defaultConfigurationIsVisible = 0;
			defaultConfigurationName = Release;
		};
		CA92118F19767E9E004D04CE /* Build configuration list for PBXNativeTarget "Illuminati" */ = {
			isa = XCConfigurationList;
			buildConfigurations = (
				CA92119019767E9E004D04CE /* Debug */,
				CA92119119767E9E004D04CE /* Release */,
			);
			defaultConfigurationIsVisible = 0;
			defaultConfigurationName = Release;
		};
		CA92119219767E9E004D04CE /* Build configuration list for PBXNativeTarget "IlluminatiTests" */ = {
			isa = XCConfigurationList;
			buildConfigurations = (
				CA92119319767E9E004D04CE /* Debug */,
				CA92119419767E9E004D04CE /* Release */,
			);
			defaultConfigurationIsVisible = 0;
			defaultConfigurationName = Release;
		};
/* End XCConfigurationList section */
	};
	rootObject = CA92116B19767E9D004D04CE /* Project object */;
}
